[[package]]
name = "numpy"
version = "1.15.2"
description = "NumPy: array processing for numbers, strings, records, and objects."
category = "main"
optional = false
python-versions = ">=2.7,!=3.0.*,!=3.1.*,!=3.2.*,!=3.3.*"

[package.source]
type = "legacy"
url = "http://art-p-01/artifactory/api/pypi/pypi-virtual/simple"
reference = "ONS"

[metadata]
lock-version = "1.1"
python-versions = "3.6.2"
content-hash = "2dcf782d48ace2b938bdcde0dc47b4d3d364935127943959539484e0fba25bd2"

[metadata.files]
numpy = [
    {file = "numpy-1.15.2-cp27-cp27m-macosx_10_6_intel.macosx_10_9_intel.macosx_10_9_x86_64.macosx_10_10_intel.macosx_10_10_x86_64.whl", hash = "sha256:b5ff7dae352fd9e1edddad1348698e9fea14064460a7e39121ef9526745802e6"},
    {file = "numpy-1.15.2-cp27-cp27m-manylinux1_i686.whl", hash = "sha256:1b1cf8f7300cf7b11ddb4250b3898c711a6187df05341b5b7153db23ffe5d498"},
    {file = "numpy-1.15.2-cp27-cp27m-manylinux1_x86_64.whl", hash = "sha256:ec8bf53ef7c92c99340972519adbe122e82c81d5b87cbd955c74ba8a8cd2a4ad"},
    {file = "numpy-1.15.2-cp27-cp27mu-manylinux1_i686.whl", hash = "sha256:733dc5d47e71236263837825b69c975bc08728ae638452b34aeb1d6fa347b780"},
    {file = "numpy-1.15.2-cp27-cp27mu-manylinux1_x86_64.whl", hash = "sha256:82f00a1e2695a0e5b89879aa25ea614530b8ebdca6d49d4834843d498e8a5e92"},
    {file = "numpy-1.15.2-cp27-none-win32.whl", hash = "sha256:63f833a7c622e9082df3cbaf03b4fd92d7e0c11e2f9d87cb57dbf0e84441964b"},
    {file = "numpy-1.15.2-cp27-none-win_amd64.whl", hash = "sha256:c898f9cca806102fcacb6309899743aa39efb2ad2a302f4c319f54db9f05cd84"},
    {file = "numpy-1.15.2-cp34-cp34m-macosx_10_6_intel.macosx_10_9_intel.macosx_10_9_x86_64.macosx_10_10_intel.macosx_10_10_x86_64.whl", hash = "sha256:f2e55726a9ee2e8129d6ce6abb466304868051bcc7a09d652b3b07cd86e801a2"},
    {file = "numpy-1.15.2-cp34-cp34m-manylinux1_i686.whl", hash = "sha256:981224224bbf44d95278eb37996162e8beb6f144d2719b144e86dfe2fce6c510"},
    {file = "numpy-1.15.2-cp34-cp34m-manylinux1_x86_64.whl", hash = "sha256:f592fd7fe1f20b5041928cce1330937eca62f9058cb41e69c2c2d83cffc0d1e3"},
    {file = "numpy-1.15.2-cp34-none-win32.whl", hash = "sha256:9ad36dbfdbb0cba90a08e7343fadf86f43cf6d87450e8d2b5d71d7c7202907e4"},
    {file = "numpy-1.15.2-cp34-none-win_amd64.whl", hash = "sha256:d1569013e8cc8f37e9769d19effdd85e404c976cd0ca28a94e3ddc026c216ae8"},
    {file = "numpy-1.15.2-cp35-cp35m-macosx_10_6_intel.macosx_10_9_intel.macosx_10_9_x86_64.macosx_10_10_intel.macosx_10_10_x86_64.whl", hash = "sha256:8d2cfb0aef7ec8759736cce26946efa084cdf49797712333539ef7d135e0295e"},
    {file = "numpy-1.15.2-cp35-cp35m-manylinux1_i686.whl", hash = "sha256:f4dee74f2626c783a3804df9191e9008946a104d5a284e52427a53ff576423cb"},
    {file = "numpy-1.15.2-cp35-cp35m-manylinux1_x86_64.whl", hash = "sha256:497d7c86df4f85eb03b7f58a7dd0f8b948b1f582e77629341f624ba301b4d204"},
    {file = "numpy-1.15.2-cp35-none-win32.whl", hash = "sha256:866bf72b9c3bfabe4476d866c70ee1714ad3e2f7b7048bb934892335e7b6b1f7"},
    {file = "numpy-1.15.2-cp35-none-win_amd64.whl", hash = "sha256:71bf3b7ca15b1967bba3a1ef6a8e87286382a8b5e46ac76b42a02fe787c5237d"},
    {file = "numpy-1.15.2-cp36-cp36m-macosx_10_6_intel.macosx_10_9_intel.macosx_10_9_x86_64.macosx_10_10_intel.macosx_10_10_x86_64.whl", hash = "sha256:4e28e66cf80c09a628ae680efeb0aa9a066eb4bb7db2a5669024c5b034891576"},
    {file = "numpy-1.15.2-cp36-cp36m-manylinux1_i686.whl", hash = "sha256:8aeac8b08f4b8c52129518efcd93706bb6d506ccd17830b67d18d0227cf32d9e"},
    {file = "numpy-1.15.2-cp36-cp36m-manylinux1_x86_64.whl", hash = "sha256:a251570bb3cb04f1627f23c234ad09af0e54fc8194e026cf46178f2e5748d647"},
    {file = "numpy-1.15.2-cp36-none-win32.whl", hash = "sha256:5b4dfb6551eaeaf532054e2c6ef4b19c449c2e3a709ebdde6392acb1372ecabc"},
    {file = "numpy-1.15.2-cp36-none-win_amd64.whl", hash = "sha256:981daff58fa3985a26daa4faa2b726c4e7a1d45178100125c0e1fdaf2ac64978"},
    {file = "numpy-1.15.2-cp37-cp37m-macosx_10_6_intel.macosx_10_9_intel.macosx_10_9_x86_64.macosx_10_10_intel.macosx_10_10_x86_64.whl", hash = "sha256:dca261e85fe0d34b2c242ecb31c9ab693509af2cf955d9caf01ee3ef3669abd0"},
    {file = "numpy-1.15.2-cp37-cp37m-manylinux1_i686.whl", hash = "sha256:ffab5b80bba8c86251291b8ce2e6c99a61446459d4c6637f5d5cc8c9ce37c972"},
    {file = "numpy-1.15.2-cp37-cp37m-manylinux1_x86_64.whl", hash = "sha256:58be95faf0ca2d886b5b337e7cba2923e3ad1224b806a91223ea39f1e0c77d03"},
    {file = "numpy-1.15.2-cp37-none-win32.whl", hash = "sha256:3fde172e28c899580d32dc21cb6d4a1225d62362f61050b654545c662eac215a"},
    {file = "numpy-1.15.2-cp37-none-win_amd64.whl", hash = "sha256:cf4b970042ce148ad8dce4369c02a4078b382dadf20067ce2629c239d76460d1"},
    {file = "numpy-1.15.2.zip", hash = "sha256:27a0d018f608a3fe34ac5e2b876f4c23c47e38295c47dd0775cc294cd2614bc1"},
]
